
Microsoft Visual Studio Solution File, Format Version 12.00
# Visual Studio Version 16
VisualStudioVersion = 16.0.30907.101
MinimumVisualStudioVersion = 10.0.40219.1
Project("{FAE04EC0-301F-11D3-BF4B-00C04F79EFBC}") = "WhipApp", "WhipApp.csproj", "{C33F7335-D417-4768-B651-C2C3905A47A6}"
EndProject
Global
	GlobalSection(SolutionConfigurationPlatforms) = preSolution
		Debug|Any CPU = Debug|Any CPU
		Release|Any CPU = Release|Any CPU
	EndGlobalSection
	GlobalSection(ProjectConfigurationPlatforms) = postSolution
		{C33F7335-D417-4768-B651-C2C3905A47A6}.Debug|Any CPU.ActiveCfg = Debug|Any CPU
		{C33F7335-D417-4768-B651-C2C3905A47A6}.Debug|Any CPU.Build.0 = Debug|Any CPU
		{C33F7335-D417-4768-B651-C2C3905A47A6}.Release|Any CPU.ActiveCfg = Release|Any CPU
		{C33F7335-D417-4768-B651-C2C3905A47A6}.Release|Any CPU.Build.0 = Release|Any CPU
	EndGlobalSection
	GlobalSection(SolutionProperties) = preSolution
		HideSolutionNode = FALSE
	EndGlobalSection
	GlobalSection(ExtensibilityGlobals) = postSolution
		SolutionGuid = {431923D0-7CA0-4787-9CEE-5B4051E71182}
	EndGlobalSection
EndGlobal
